// !$*UTF8*$!
{
	archiveVersion = 1;
	classes = {
	};
	objectVersion = 51;
	objects = {

/* Begin PBXBuildFile section */
		0308DA3C22C83FBA002E8723 /* Extensions.swift in Sources */ = {isa = PBXBuildFile; fileRef = 0308DA3B22C83FBA002E8723 /* Extensions.swift */; };
		0308DA3E22C84D0E002E8723 /* Constants.swift in Sources */ = {isa = PBXBuildFile; fileRef = 0308DA3D22C84D0E002E8723 /* Constants.swift */; };
		0308DA4122C85127002E8723 /* RoundedViews.swift in Sources */ = {isa = PBXBuildFile; fileRef = 0308DA4022C85127002E8723 /* RoundedViews.swift */; };
		0308DA4722CE3534002E8723 /* ForgotPasswordVC.swift in Sources */ = {isa = PBXBuildFile; fileRef = 0308DA4522CE3534002E8723 /* ForgotPasswordVC.swift */; };
		0308DA4822CE3534002E8723 /* ForgotPasswordVC.xib in Resources */ = {isa = PBXBuildFile; fileRef = 0308DA4622CE3534002E8723 /* ForgotPasswordVC.xib */; };
		0308DA4A22CE4851002E8723 /* firebase+utils.swift in Sources */ = {isa = PBXBuildFile; fileRef = 0308DA4922CE4851002E8723 /* firebase+utils.swift */; };
		0308DA4B22CE49CC002E8723 /* firebase+utils.swift in Sources */ = {isa = PBXBuildFile; fileRef = 0308DA4922CE4851002E8723 /* firebase+utils.swift */; };
		0308DA4D22CE53D6002E8723 /* Category.swift in Sources */ = {isa = PBXBuildFile; fileRef = 0308DA4C22CE53D6002E8723 /* Category.swift */; };
		0308DA4E22CE53D6002E8723 /* Category.swift in Sources */ = {isa = PBXBuildFile; fileRef = 0308DA4C22CE53D6002E8723 /* Category.swift */; };
		0308DA5122CEBB7C002E8723 /* CategoryCell.swift in Sources */ = {isa = PBXBuildFile; fileRef = 0308DA4F22CEBB7C002E8723 /* CategoryCell.swift */; };
		0308DA5222CEBB7C002E8723 /* CategoryCell.swift in Sources */ = {isa = PBXBuildFile; fileRef = 0308DA4F22CEBB7C002E8723 /* CategoryCell.swift */; };
		0308DA5322CEBB7C002E8723 /* CategoryCell.xib in Resources */ = {isa = PBXBuildFile; fileRef = 0308DA5022CEBB7C002E8723 /* CategoryCell.xib */; };
		0308DA5422CEBB7C002E8723 /* CategoryCell.xib in Resources */ = {isa = PBXBuildFile; fileRef = 0308DA5022CEBB7C002E8723 /* CategoryCell.xib */; };
		03B4EF5722CF9F7800C00FDA /* ProductsVC.swift in Sources */ = {isa = PBXBuildFile; fileRef = 03B4EF5622CF9F7800C00FDA /* ProductsVC.swift */; };
		03B4EF5922CFA02600C00FDA /* Product.swift in Sources */ = {isa = PBXBuildFile; fileRef = 03B4EF5822CFA02600C00FDA /* Product.swift */; };
		03B4EF5A22CFA02600C00FDA /* Product.swift in Sources */ = {isa = PBXBuildFile; fileRef = 03B4EF5822CFA02600C00FDA /* Product.swift */; };
		03B4EF5D22CFA10B00C00FDA /* ProductCell.swift in Sources */ = {isa = PBXBuildFile; fileRef = 03B4EF5B22CFA10B00C00FDA /* ProductCell.swift */; };
		03B4EF5E22CFA10B00C00FDA /* ProductCell.swift in Sources */ = {isa = PBXBuildFile; fileRef = 03B4EF5B22CFA10B00C00FDA /* ProductCell.swift */; };
		03B4EF5F22CFA10B00C00FDA /* ProductCell.xib in Resources */ = {isa = PBXBuildFile; fileRef = 03B4EF5C22CFA10B00C00FDA /* ProductCell.xib */; };
		03B4EF6022CFA10B00C00FDA /* ProductCell.xib in Resources */ = {isa = PBXBuildFile; fileRef = 03B4EF5C22CFA10B00C00FDA /* ProductCell.xib */; };
		03B4EF6722D96D9000C00FDA /* ProductDetailVC.swift in Sources */ = {isa = PBXBuildFile; fileRef = 03B4EF6522D96D9000C00FDA /* ProductDetailVC.swift */; };
		03B4EF6822D96D9000C00FDA /* ProductDetailVC.xib in Resources */ = {isa = PBXBuildFile; fileRef = 03B4EF6622D96D9000C00FDA /* ProductDetailVC.xib */; };
		03B4EF6922D979D900C00FDA /* HomeVC.swift in Sources */ = {isa = PBXBuildFile; fileRef = 03FCD49922C71D15009776E6 /* HomeVC.swift */; };
		03B4EF6A22D97B5700C00FDA /* RoundedViews.swift in Sources */ = {isa = PBXBuildFile; fileRef = 0308DA4022C85127002E8723 /* RoundedViews.swift */; };
		03B4EF6B22D97B6000C00FDA /* Extensions.swift in Sources */ = {isa = PBXBuildFile; fileRef = 0308DA3B22C83FBA002E8723 /* Extensions.swift */; };
		03B4EF6C22D97B6200C00FDA /* Constants.swift in Sources */ = {isa = PBXBuildFile; fileRef = 0308DA3D22C84D0E002E8723 /* Constants.swift */; };
		03B4EF6D22D97B9500C00FDA /* ProductDetailVC.swift in Sources */ = {isa = PBXBuildFile; fileRef = 03B4EF6522D96D9000C00FDA /* ProductDetailVC.swift */; };
		03B4EF6E22D97BB000C00FDA /* ProductDetailVC.xib in Resources */ = {isa = PBXBuildFile; fileRef = 03B4EF6622D96D9000C00FDA /* ProductDetailVC.xib */; };
		03B4EF6F22D981F000C00FDA /* ProductsVC.swift in Sources */ = {isa = PBXBuildFile; fileRef = 03B4EF5622CF9F7800C00FDA /* ProductsVC.swift */; };
		03B4EF7122D983F400C00FDA /* AddEditCategoryVC.swift in Sources */ = {isa = PBXBuildFile; fileRef = 03B4EF7022D983F400C00FDA /* AddEditCategoryVC.swift */; };
		03FCD49822C71D15009776E6 /* AppDelegate.swift in Sources */ = {isa = PBXBuildFile; fileRef = 03FCD49722C71D15009776E6 /* AppDelegate.swift */; };
		03FCD49A22C71D15009776E6 /* HomeVC.swift in Sources */ = {isa = PBXBuildFile; fileRef = 03FCD49922C71D15009776E6 /* HomeVC.swift */; };
		03FCD49D22C71D15009776E6 /* Main.storyboard in Resources */ = {isa = PBXBuildFile; fileRef = 03FCD49B22C71D15009776E6 /* Main.storyboard */; };
		03FCD49F22C71D1C009776E6 /* Assets.xcassets in Resources */ = {isa = PBXBuildFile; fileRef = 03FCD49E22C71D1C009776E6 /* Assets.xcassets */; };
		03FCD4A222C71D1C009776E6 /* LaunchScreen.storyboard in Resources */ = {isa = PBXBuildFile; fileRef = 03FCD4A022C71D1C009776E6 /* LaunchScreen.storyboard */; };
		03FCD4B022C73ADF009776E6 /* AppDelegate.swift in Sources */ = {isa = PBXBuildFile; fileRef = 03FCD4AF22C73ADF009776E6 /* AppDelegate.swift */; };
		03FCD4B222C73ADF009776E6 /* AdminHomeVC.swift in Sources */ = {isa = PBXBuildFile; fileRef = 03FCD4B122C73ADF009776E6 /* AdminHomeVC.swift */; };
		03FCD4B522C73ADF009776E6 /* Main.storyboard in Resources */ = {isa = PBXBuildFile; fileRef = 03FCD4B322C73ADF009776E6 /* Main.storyboard */; };
		03FCD4BA22C73AE1009776E6 /* LaunchScreen.storyboard in Resources */ = {isa = PBXBuildFile; fileRef = 03FCD4B822C73AE1009776E6 /* LaunchScreen.storyboard */; };
		03FCD4C022C73B75009776E6 /* Assets.xcassets in Resources */ = {isa = PBXBuildFile; fileRef = 03FCD49E22C71D1C009776E6 /* Assets.xcassets */; };
		03FCD4C222C7470A009776E6 /* LoginStoryboard.storyboard in Resources */ = {isa = PBXBuildFile; fileRef = 03FCD4C122C7470A009776E6 /* LoginStoryboard.storyboard */; };
		03FCD4C622C7A374009776E6 /* GoogleService-Info.plist in Resources */ = {isa = PBXBuildFile; fileRef = 03FCD4C522C7A374009776E6 /* GoogleService-Info.plist */; };
		03FCD4C822C7A4B0009776E6 /* GoogleService-Info.plist in Resources */ = {isa = PBXBuildFile; fileRef = 03FCD4C722C7A4B0009776E6 /* GoogleService-Info.plist */; };
		03FCD4CE22C7C06C009776E6 /* LoginVC.swift in Sources */ = {isa = PBXBuildFile; fileRef = 03FCD4CD22C7C06C009776E6 /* LoginVC.swift */; };
		03FCD4D022C7C093009776E6 /* RegisterVC.swift in Sources */ = {isa = PBXBuildFile; fileRef = 03FCD4CF22C7C093009776E6 /* RegisterVC.swift */; };
		3CC548772D3A5111C3207653 /* Pods_Artable.framework in Frameworks */ = {isa = PBXBuildFile; fileRef = 06436E4DEC1E9C28A0152123 /* Pods_Artable.framework */; };
		B0B7CFD9BD219B15FA832F4C /* Pods_ArdableAdmin.framework in Frameworks */ = {isa = PBXBuildFile; fileRef = 1ABB49880706569A4C804A22 /* Pods_ArdableAdmin.framework */; };
/* End PBXBuildFile section */

/* Begin PBXFileReference section */
		0308DA3B22C83FBA002E8723 /* Extensions.swift */ = {isa = PBXFileReference; lastKnownFileType = sourcecode.swift; path = Extensions.swift; sourceTree = "<group>"; };
		0308DA3D22C84D0E002E8723 /* Constants.swift */ = {isa = PBXFileReference; lastKnownFileType = sourcecode.swift; path = Constants.swift; sourceTree = "<group>"; };
		0308DA4022C85127002E8723 /* RoundedViews.swift */ = {isa = PBXFileReference; lastKnownFileType = sourcecode.swift; path = RoundedViews.swift; sourceTree = "<group>"; };
		0308DA4522CE3534002E8723 /* ForgotPasswordVC.swift */ = {isa = PBXFileReference; lastKnownFileType = sourcecode.swift; path = ForgotPasswordVC.swift; sourceTree = "<group>"; };
		0308DA4622CE3534002E8723 /* ForgotPasswordVC.xib */ = {isa = PBXFileReference; lastKnownFileType = file.xib; path = ForgotPasswordVC.xib; sourceTree = "<group>"; };
		0308DA4922CE4851002E8723 /* firebase+utils.swift */ = {isa = PBXFileReference; lastKnownFileType = sourcecode.swift; path = "firebase+utils.swift"; sourceTree = "<group>"; };
		0308DA4C22CE53D6002E8723 /* Category.swift */ = {isa = PBXFileReference; lastKnownFileType = sourcecode.swift; path = Category.swift; sourceTree = "<group>"; };
		0308DA4F22CEBB7C002E8723 /* CategoryCell.swift */ = {isa = PBXFileReference; lastKnownFileType = sourcecode.swift; path = CategoryCell.swift; sourceTree = "<group>"; };
		0308DA5022CEBB7C002E8723 /* CategoryCell.xib */ = {isa = PBXFileReference; lastKnownFileType = file.xib; path = CategoryCell.xib; sourceTree = "<group>"; };
		03B4EF5622CF9F7800C00FDA /* ProductsVC.swift */ = {isa = PBXFileReference; lastKnownFileType = sourcecode.swift; path = ProductsVC.swift; sourceTree = "<group>"; };
		03B4EF5822CFA02600C00FDA /* Product.swift */ = {isa = PBXFileReference; lastKnownFileType = sourcecode.swift; path = Product.swift; sourceTree = "<group>"; };
		03B4EF5B22CFA10B00C00FDA /* ProductCell.swift */ = {isa = PBXFileReference; lastKnownFileType = sourcecode.swift; path = ProductCell.swift; sourceTree = "<group>"; };
		03B4EF5C22CFA10B00C00FDA /* ProductCell.xib */ = {isa = PBXFileReference; lastKnownFileType = file.xib; path = ProductCell.xib; sourceTree = "<group>"; };
		03B4EF6522D96D9000C00FDA /* ProductDetailVC.swift */ = {isa = PBXFileReference; lastKnownFileType = sourcecode.swift; path = ProductDetailVC.swift; sourceTree = "<group>"; };
		03B4EF6622D96D9000C00FDA /* ProductDetailVC.xib */ = {isa = PBXFileReference; lastKnownFileType = file.xib; path = ProductDetailVC.xib; sourceTree = "<group>"; };
		03B4EF7022D983F400C00FDA /* AddEditCategoryVC.swift */ = {isa = PBXFileReference; lastKnownFileType = sourcecode.swift; path = AddEditCategoryVC.swift; sourceTree = "<group>"; };
		03FCD49422C71D15009776E6 /* Artable.app */ = {isa = PBXFileReference; explicitFileType = wrapper.application; includeInIndex = 0; path = Artable.app; sourceTree = BUILT_PRODUCTS_DIR; };
		03FCD49722C71D15009776E6 /* AppDelegate.swift */ = {isa = PBXFileReference; lastKnownFileType = sourcecode.swift; path = AppDelegate.swift; sourceTree = "<group>"; };
		03FCD49922C71D15009776E6 /* HomeVC.swift */ = {isa = PBXFileReference; lastKnownFileType = sourcecode.swift; path = HomeVC.swift; sourceTree = "<group>"; };
		03FCD49C22C71D15009776E6 /* Base */ = {isa = PBXFileReference; lastKnownFileType = file.storyboard; name = Base; path = Base.lproj/Main.storyboard; sourceTree = "<group>"; };
		03FCD49E22C71D1C009776E6 /* Assets.xcassets */ = {isa = PBXFileReference; lastKnownFileType = folder.assetcatalog; path = Assets.xcassets; sourceTree = "<group>"; };
		03FCD4A122C71D1C009776E6 /* Base */ = {isa = PBXFileReference; lastKnownFileType = file.storyboard; name = Base; path = Base.lproj/LaunchScreen.storyboard; sourceTree = "<group>"; };
		03FCD4A322C71D1C009776E6 /* Info.plist */ = {isa = PBXFileReference; lastKnownFileType = text.plist.xml; path = Info.plist; sourceTree = "<group>"; };
		03FCD4AD22C73ADF009776E6 /* ArdableAdmin.app */ = {isa = PBXFileReference; explicitFileType = wrapper.application; includeInIndex = 0; path = ArdableAdmin.app; sourceTree = BUILT_PRODUCTS_DIR; };
		03FCD4AF22C73ADF009776E6 /* AppDelegate.swift */ = {isa = PBXFileReference; lastKnownFileType = sourcecode.swift; path = AppDelegate.swift; sourceTree = "<group>"; };
		03FCD4B122C73ADF009776E6 /* AdminHomeVC.swift */ = {isa = PBXFileReference; lastKnownFileType = sourcecode.swift; path = AdminHomeVC.swift; sourceTree = "<group>"; };
		03FCD4B422C73ADF009776E6 /* Base */ = {isa = PBXFileReference; lastKnownFileType = file.storyboard; name = Base; path = Base.lproj/Main.storyboard; sourceTree = "<group>"; };
		03FCD4B922C73AE1009776E6 /* Base */ = {isa = PBXFileReference; lastKnownFileType = file.storyboard; name = Base; path = Base.lproj/LaunchScreen.storyboard; sourceTree = "<group>"; };
		03FCD4BB22C73AE1009776E6 /* Info.plist */ = {isa = PBXFileReference; lastKnownFileType = text.plist.xml; path = Info.plist; sourceTree = "<group>"; };
		03FCD4C122C7470A009776E6 /* LoginStoryboard.storyboard */ = {isa = PBXFileReference; lastKnownFileType = file.storyboard; path = LoginStoryboard.storyboard; sourceTree = "<group>"; };
		03FCD4C522C7A374009776E6 /* GoogleService-Info.plist */ = {isa = PBXFileReference; fileEncoding = 4; lastKnownFileType = text.plist.xml; name = "GoogleService-Info.plist"; path = "../../../Downloads/GoogleService-Info.plist"; sourceTree = "<group>"; };
		03FCD4C722C7A4B0009776E6 /* GoogleService-Info.plist */ = {isa = PBXFileReference; fileEncoding = 4; lastKnownFileType = text.plist.xml; path = "GoogleService-Info.plist"; sourceTree = "<group>"; };
		03FCD4CD22C7C06C009776E6 /* LoginVC.swift */ = {isa = PBXFileReference; lastKnownFileType = sourcecode.swift; path = LoginVC.swift; sourceTree = "<group>"; };
		03FCD4CF22C7C093009776E6 /* RegisterVC.swift */ = {isa = PBXFileReference; lastKnownFileType = sourcecode.swift; path = RegisterVC.swift; sourceTree = "<group>"; };
		06436E4DEC1E9C28A0152123 /* Pods_Artable.framework */ = {isa = PBXFileReference; explicitFileType = wrapper.framework; includeInIndex = 0; path = Pods_Artable.framework; sourceTree = BUILT_PRODUCTS_DIR; };
		0BA6A2D57E2F479FB848E9F1 /* Pods-ArdableAdmin.debug.xcconfig */ = {isa = PBXFileReference; includeInIndex = 1; lastKnownFileType = text.xcconfig; name = "Pods-ArdableAdmin.debug.xcconfig"; path = "Target Support Files/Pods-ArdableAdmin/Pods-ArdableAdmin.debug.xcconfig"; sourceTree = "<group>"; };
		1ABB49880706569A4C804A22 /* Pods_ArdableAdmin.framework */ = {isa = PBXFileReference; explicitFileType = wrapper.framework; includeInIndex = 0; path = Pods_ArdableAdmin.framework; sourceTree = BUILT_PRODUCTS_DIR; };
		7536A5C54EE01A2CBC3C5737 /* Pods-Artable.debug.xcconfig */ = {isa = PBXFileReference; includeInIndex = 1; lastKnownFileType = text.xcconfig; name = "Pods-Artable.debug.xcconfig"; path = "Target Support Files/Pods-Artable/Pods-Artable.debug.xcconfig"; sourceTree = "<group>"; };
		75C8353CBE3DE5BF86B0D38F /* Pods-ArdableAdmin.release.xcconfig */ = {isa = PBXFileReference; includeInIndex = 1; lastKnownFileType = text.xcconfig; name = "Pods-ArdableAdmin.release.xcconfig"; path = "Target Support Files/Pods-ArdableAdmin/Pods-ArdableAdmin.release.xcconfig"; sourceTree = "<group>"; };
		88F4163C79D37591416775FC /* Pods-Artable.release.xcconfig */ = {isa = PBXFileReference; includeInIndex = 1; lastKnownFileType = text.xcconfig; name = "Pods-Artable.release.xcconfig"; path = "Target Support Files/Pods-Artable/Pods-Artable.release.xcconfig"; sourceTree = "<group>"; };
/* End PBXFileReference section */

/* Begin PBXFrameworksBuildPhase section */
		03FCD49122C71D15009776E6 /* Frameworks */ = {
			isa = PBXFrameworksBuildPhase;
			buildActionMask = 2147483647;
			files = (
				3CC548772D3A5111C3207653 /* Pods_Artable.framework in Frameworks */,
			);
			runOnlyForDeploymentPostprocessing = 0;
		};
		03FCD4AA22C73ADF009776E6 /* Frameworks */ = {
			isa = PBXFrameworksBuildPhase;
			buildActionMask = 2147483647;
			files = (
				B0B7CFD9BD219B15FA832F4C /* Pods_ArdableAdmin.framework in Frameworks */,
			);
			runOnlyForDeploymentPostprocessing = 0;
		};
/* End PBXFrameworksBuildPhase section */

/* Begin PBXGroup section */
		0308DA3A22C83F6D002E8723 /* Utils */ = {
			isa = PBXGroup;
			children = (
				0308DA3B22C83FBA002E8723 /* Extensions.swift */,
				0308DA3D22C84D0E002E8723 /* Constants.swift */,
				0308DA4922CE4851002E8723 /* firebase+utils.swift */,
			);
			path = Utils;
			sourceTree = "<group>";
		};
		0308DA3F22C850F4002E8723 /* View */ = {
			isa = PBXGroup;
			children = (
				0308DA4022C85127002E8723 /* RoundedViews.swift */,
				0308DA4F22CEBB7C002E8723 /* CategoryCell.swift */,
				03B4EF5B22CFA10B00C00FDA /* ProductCell.swift */,
			);
			path = View;
			sourceTree = "<group>";
		};
		0308DA4222CE34C1002E8723 /* XIBs */ = {
			isa = PBXGroup;
			children = (
				0308DA4522CE3534002E8723 /* ForgotPasswordVC.swift */,
				0308DA4622CE3534002E8723 /* ForgotPasswordVC.xib */,
				03B4EF6522D96D9000C00FDA /* ProductDetailVC.swift */,
				03B4EF6622D96D9000C00FDA /* ProductDetailVC.xib */,
			);
			path = XIBs;
			sourceTree = "<group>";
		};
		0308DA5522CEBBB3002E8723 /* XIBs */ = {
			isa = PBXGroup;
			children = (
				03B4EF5C22CFA10B00C00FDA /* ProductCell.xib */,
				0308DA5022CEBB7C002E8723 /* CategoryCell.xib */,
			);
			path = XIBs;
			sourceTree = "<group>";
		};
		03B4EF7222D983FB00C00FDA /* Controller */ = {
			isa = PBXGroup;
			children = (
				03B4EF7022D983F400C00FDA /* AddEditCategoryVC.swift */,
				03FCD4B122C73ADF009776E6 /* AdminHomeVC.swift */,
				03FCD4AF22C73ADF009776E6 /* AppDelegate.swift */,
			);
			path = Controller;
			sourceTree = "<group>";
		};
		03FCD48B22C71D15009776E6 = {
			isa = PBXGroup;
			children = (
				03FCD4BF22C73B31009776E6 /* Shared */,
				03FCD49622C71D15009776E6 /* Artable */,
				03FCD4AE22C73ADF009776E6 /* ArdableAdmin */,
				03FCD49522C71D15009776E6 /* Products */,
				2B0D62B04154FF6DB443EEF0 /* Pods */,
				08521E2E2EB708DFE9054510 /* Frameworks */,
			);
			sourceTree = "<group>";
		};
		03FCD49522C71D15009776E6 /* Products */ = {
			isa = PBXGroup;
			children = (
				03FCD49422C71D15009776E6 /* Artable.app */,
				03FCD4AD22C73ADF009776E6 /* ArdableAdmin.app */,
			);
			name = Products;
			sourceTree = "<group>";
		};
		03FCD49622C71D15009776E6 /* Artable */ = {
			isa = PBXGroup;
			children = (
				0308DA4222CE34C1002E8723 /* XIBs */,
				03FCD4CC22C7BFF0009776E6 /* Storyboards */,
				03FCD4CA22C7BFCE009776E6 /* View */,
				03FCD4C922C7BFBA009776E6 /* Controller */,
				03FCD4C522C7A374009776E6 /* GoogleService-Info.plist */,
				03FCD4A322C71D1C009776E6 /* Info.plist */,
			);
			path = Artable;
			sourceTree = "<group>";
		};
		03FCD4AE22C73ADF009776E6 /* ArdableAdmin */ = {
			isa = PBXGroup;
			children = (
				03B4EF7222D983FB00C00FDA /* Controller */,
				03FCD4C722C7A4B0009776E6 /* GoogleService-Info.plist */,
				03FCD4B322C73ADF009776E6 /* Main.storyboard */,
				03FCD4B822C73AE1009776E6 /* LaunchScreen.storyboard */,
				03FCD4BB22C73AE1009776E6 /* Info.plist */,
			);
			path = ArdableAdmin;
			sourceTree = "<group>";
		};
		03FCD4BF22C73B31009776E6 /* Shared */ = {
			isa = PBXGroup;
			children = (
				0308DA5522CEBBB3002E8723 /* XIBs */,
				03FCD4CB22C7BFDD009776E6 /* Model */,
				0308DA3F22C850F4002E8723 /* View */,
				0308DA3A22C83F6D002E8723 /* Utils */,
				03FCD49E22C71D1C009776E6 /* Assets.xcassets */,
			);
			path = Shared;
			sourceTree = "<group>";
		};
		03FCD4C922C7BFBA009776E6 /* Controller */ = {
			isa = PBXGroup;
			children = (
				03FCD4CD22C7C06C009776E6 /* LoginVC.swift */,
				03FCD4CF22C7C093009776E6 /* RegisterVC.swift */,
				03FCD49722C71D15009776E6 /* AppDelegate.swift */,
				03FCD49922C71D15009776E6 /* HomeVC.swift */,
				03B4EF5622CF9F7800C00FDA /* ProductsVC.swift */,
			);
			path = Controller;
			sourceTree = "<group>";
		};
		03FCD4CA22C7BFCE009776E6 /* View */ = {
			isa = PBXGroup;
			children = (
			);
			path = View;
			sourceTree = "<group>";
		};
		03FCD4CB22C7BFDD009776E6 /* Model */ = {
			isa = PBXGroup;
			children = (
				0308DA4C22CE53D6002E8723 /* Category.swift */,
				03B4EF5822CFA02600C00FDA /* Product.swift */,
			);
			path = Model;
			sourceTree = "<group>";
		};
		03FCD4CC22C7BFF0009776E6 /* Storyboards */ = {
			isa = PBXGroup;
			children = (
				03FCD49B22C71D15009776E6 /* Main.storyboard */,
				03FCD4C122C7470A009776E6 /* LoginStoryboard.storyboard */,
				03FCD4A022C71D1C009776E6 /* LaunchScreen.storyboard */,
			);
			path = Storyboards;
			sourceTree = "<group>";
		};
		08521E2E2EB708DFE9054510 /* Frameworks */ = {
			isa = PBXGroup;
			children = (
				1ABB49880706569A4C804A22 /* Pods_ArdableAdmin.framework */,
				06436E4DEC1E9C28A0152123 /* Pods_Artable.framework */,
			);
			name = Frameworks;
			sourceTree = "<group>";
		};
		2B0D62B04154FF6DB443EEF0 /* Pods */ = {
			isa = PBXGroup;
			children = (
				0BA6A2D57E2F479FB848E9F1 /* Pods-ArdableAdmin.debug.xcconfig */,
				75C8353CBE3DE5BF86B0D38F /* Pods-ArdableAdmin.release.xcconfig */,
				7536A5C54EE01A2CBC3C5737 /* Pods-Artable.debug.xcconfig */,
				88F4163C79D37591416775FC /* Pods-Artable.release.xcconfig */,
			);
			path = Pods;
			sourceTree = "<group>";
		};
/* End PBXGroup section */

/* Begin PBXNativeTarget section */
		03FCD49322C71D15009776E6 /* Artable */ = {
			isa = PBXNativeTarget;
			buildConfigurationList = 03FCD4A622C71D1C009776E6 /* Build configuration list for PBXNativeTarget "Artable" */;
			buildPhases = (
				347250B2DC2BCC97F43B5519 /* [CP] Check Pods Manifest.lock */,
				03FCD49022C71D15009776E6 /* Sources */,
				03FCD49122C71D15009776E6 /* Frameworks */,
				03FCD49222C71D15009776E6 /* Resources */,
				AFC367C3FAE8678CBAA87E54 /* [CP] Embed Pods Frameworks */,
			);
			buildRules = (
			);
			dependencies = (
			);
			name = Artable;
			productName = Artable;
			productReference = 03FCD49422C71D15009776E6 /* Artable.app */;
			productType = "com.apple.product-type.application";
		};
		03FCD4AC22C73ADF009776E6 /* ArdableAdmin */ = {
			isa = PBXNativeTarget;
			buildConfigurationList = 03FCD4BC22C73AE1009776E6 /* Build configuration list for PBXNativeTarget "ArdableAdmin" */;
			buildPhases = (
				2FFA71F8B5DCED70DFC83461 /* [CP] Check Pods Manifest.lock */,
				03FCD4A922C73ADF009776E6 /* Sources */,
				03FCD4AA22C73ADF009776E6 /* Frameworks */,
				03FCD4AB22C73ADF009776E6 /* Resources */,
				D26322E0242CF4924506098F /* [CP] Embed Pods Frameworks */,
			);
			buildRules = (
			);
			dependencies = (
			);
			name = ArdableAdmin;
			productName = ArdableAdmin;
			productReference = 03FCD4AD22C73ADF009776E6 /* ArdableAdmin.app */;
			productType = "com.apple.product-type.application";
		};
/* End PBXNativeTarget section */

/* Begin PBXProject section */
		03FCD48C22C71D15009776E6 /* Project object */ = {
			isa = PBXProject;
			attributes = {
				LastSwiftUpdateCheck = 1020;
				LastUpgradeCheck = 1020;
				ORGANIZATIONNAME = "山本裕太";
				TargetAttributes = {
					03FCD49322C71D15009776E6 = {
						CreatedOnToolsVersion = 10.2.1;
					};
					03FCD4AC22C73ADF009776E6 = {
						CreatedOnToolsVersion = 10.2.1;
					};
				};
			};
			buildConfigurationList = 03FCD48F22C71D15009776E6 /* Build configuration list for PBXProject "Artable" */;
			compatibilityVersion = "Xcode 9.3";
			developmentRegion = en;
			hasScannedForEncodings = 0;
			knownRegions = (
				en,
				Base,
			);
			mainGroup = 03FCD48B22C71D15009776E6;
			productRefGroup = 03FCD49522C71D15009776E6 /* Products */;
			projectDirPath = "";
			projectRoot = "";
			targets = (
				03FCD49322C71D15009776E6 /* Artable */,
				03FCD4AC22C73ADF009776E6 /* ArdableAdmin */,
			);
		};
/* End PBXProject section */

/* Begin PBXResourcesBuildPhase section */
		03FCD49222C71D15009776E6 /* Resources */ = {
			isa = PBXResourcesBuildPhase;
			buildActionMask = 2147483647;
			files = (
				03FCD4A222C71D1C009776E6 /* LaunchScreen.storyboard in Resources */,
				03B4EF5F22CFA10B00C00FDA /* ProductCell.xib in Resources */,
				0308DA5322CEBB7C002E8723 /* CategoryCell.xib in Resources */,
				03FCD4C222C7470A009776E6 /* LoginStoryboard.storyboard in Resources */,
				03FCD4C622C7A374009776E6 /* GoogleService-Info.plist in Resources */,
				03FCD49F22C71D1C009776E6 /* Assets.xcassets in Resources */,
				03B4EF6822D96D9000C00FDA /* ProductDetailVC.xib in Resources */,
				0308DA4822CE3534002E8723 /* ForgotPasswordVC.xib in Resources */,
				03FCD49D22C71D15009776E6 /* Main.storyboard in Resources */,
			);
			runOnlyForDeploymentPostprocessing = 0;
		};
		03FCD4AB22C73ADF009776E6 /* Resources */ = {
			isa = PBXResourcesBuildPhase;
			buildActionMask = 2147483647;
			files = (
				0308DA5422CEBB7C002E8723 /* CategoryCell.xib in Resources */,
				03FCD4BA22C73AE1009776E6 /* LaunchScreen.storyboard in Resources */,
				03FCD4C022C73B75009776E6 /* Assets.xcassets in Resources */,
				03B4EF6022CFA10B00C00FDA /* ProductCell.xib in Resources */,
				03FCD4B522C73ADF009776E6 /* Main.storyboard in Resources */,
				03FCD4C822C7A4B0009776E6 /* GoogleService-Info.plist in Resources */,
				03B4EF6E22D97BB000C00FDA /* ProductDetailVC.xib in Resources */,
			);
			runOnlyForDeploymentPostprocessing = 0;
		};
/* End PBXResourcesBuildPhase section */

/* Begin PBXShellScriptBuildPhase section */
		2FFA71F8B5DCED70DFC83461 /* [CP] Check Pods Manifest.lock */ = {
			isa = PBXShellScriptBuildPhase;
			buildActionMask = 2147483647;
			files = (
			);
			inputFileListPaths = (
			);
			inputPaths = (
				"${PODS_PODFILE_DIR_PATH}/Podfile.lock",
				"${PODS_ROOT}/Manifest.lock",
			);
			name = "[CP] Check Pods Manifest.lock";
			outputFileListPaths = (
			);
			outputPaths = (
				"$(DERIVED_FILE_DIR)/Pods-ArdableAdmin-checkManifestLockResult.txt",
			);
			runOnlyForDeploymentPostprocessing = 0;
			shellPath = /bin/sh;
			shellScript = "diff \"${PODS_PODFILE_DIR_PATH}/Podfile.lock\" \"${PODS_ROOT}/Manifest.lock\" > /dev/null\nif [ $? != 0 ] ; then\n    # print error to STDERR\n    echo \"error: The sandbox is not in sync with the Podfile.lock. Run 'pod install' or update your CocoaPods installation.\" >&2\n    exit 1\nfi\n# This output is used by Xcode 'outputs' to avoid re-running this script phase.\necho \"SUCCESS\" > \"${SCRIPT_OUTPUT_FILE_0}\"\n";
			showEnvVarsInLog = 0;
		};
		347250B2DC2BCC97F43B5519 /* [CP] Check Pods Manifest.lock */ = {
			isa = PBXShellScriptBuildPhase;
			buildActionMask = 2147483647;
			files = (
			);
			inputFileListPaths = (
			);
			inputPaths = (
				"${PODS_PODFILE_DIR_PATH}/Podfile.lock",
				"${PODS_ROOT}/Manifest.lock",
			);
			name = "[CP] Check Pods Manifest.lock";
			outputFileListPaths = (
			);
			outputPaths = (
				"$(DERIVED_FILE_DIR)/Pods-Artable-checkManifestLockResult.txt",
			);
			runOnlyForDeploymentPostprocessing = 0;
			shellPath = /bin/sh;
			shellScript = "diff \"${PODS_PODFILE_DIR_PATH}/Podfile.lock\" \"${PODS_ROOT}/Manifest.lock\" > /dev/null\nif [ $? != 0 ] ; then\n    # print error to STDERR\n    echo \"error: The sandbox is not in sync with the Podfile.lock. Run 'pod install' or update your CocoaPods installation.\" >&2\n    exit 1\nfi\n# This output is used by Xcode 'outputs' to avoid re-running this script phase.\necho \"SUCCESS\" > \"${SCRIPT_OUTPUT_FILE_0}\"\n";
			showEnvVarsInLog = 0;
		};
		AFC367C3FAE8678CBAA87E54 /* [CP] Embed Pods Frameworks */ = {
			isa = PBXShellScriptBuildPhase;
			buildActionMask = 2147483647;
			files = (
			);
			inputFileListPaths = (
				"${PODS_ROOT}/Target Support Files/Pods-Artable/Pods-Artable-frameworks-${CONFIGURATION}-input-files.xcfilelist",
			);
			name = "[CP] Embed Pods Frameworks";
			outputFileListPaths = (
				"${PODS_ROOT}/Target Support Files/Pods-Artable/Pods-Artable-frameworks-${CONFIGURATION}-output-files.xcfilelist",
			);
			runOnlyForDeploymentPostprocessing = 0;
			shellPath = /bin/sh;
			shellScript = "\"${PODS_ROOT}/Target Support Files/Pods-Artable/Pods-Artable-frameworks.sh\"\n";
			showEnvVarsInLog = 0;
		};
		D26322E0242CF4924506098F /* [CP] Embed Pods Frameworks */ = {
			isa = PBXShellScriptBuildPhase;
			buildActionMask = 2147483647;
			files = (
			);
			inputFileListPaths = (
				"${PODS_ROOT}/Target Support Files/Pods-ArdableAdmin/Pods-ArdableAdmin-frameworks-${CONFIGURATION}-input-files.xcfilelist",
			);
			name = "[CP] Embed Pods Frameworks";
			outputFileListPaths = (
				"${PODS_ROOT}/Target Support Files/Pods-ArdableAdmin/Pods-ArdableAdmin-frameworks-${CONFIGURATION}-output-files.xcfilelist",
			);
			runOnlyForDeploymentPostprocessing = 0;
			shellPath = /bin/sh;
			shellScript = "\"${PODS_ROOT}/Target Support Files/Pods-ArdableAdmin/Pods-ArdableAdmin-frameworks.sh\"\n";
			showEnvVarsInLog = 0;
		};
/* End PBXShellScriptBuildPhase section */

/* Begin PBXSourcesBuildPhase section */
		03FCD49022C71D15009776E6 /* Sources */ = {
			isa = PBXSourcesBuildPhase;
			buildActionMask = 2147483647;
			files = (
				0308DA3C22C83FBA002E8723 /* Extensions.swift in Sources */,
				03B4EF6722D96D9000C00FDA /* ProductDetailVC.swift in Sources */,
				0308DA4D22CE53D6002E8723 /* Category.swift in Sources */,
				0308DA4A22CE4851002E8723 /* firebase+utils.swift in Sources */,
				03FCD49A22C71D15009776E6 /* HomeVC.swift in Sources */,
				0308DA4122C85127002E8723 /* RoundedViews.swift in Sources */,
				03B4EF5D22CFA10B00C00FDA /* ProductCell.swift in Sources */,
				03FCD4D022C7C093009776E6 /* RegisterVC.swift in Sources */,
				03FCD49822C71D15009776E6 /* AppDelegate.swift in Sources */,
				03FCD4CE22C7C06C009776E6 /* LoginVC.swift in Sources */,
				03B4EF5722CF9F7800C00FDA /* ProductsVC.swift in Sources */,
				0308DA4722CE3534002E8723 /* ForgotPasswordVC.swift in Sources */,
				0308DA3E22C84D0E002E8723 /* Constants.swift in Sources */,
				0308DA5122CEBB7C002E8723 /* CategoryCell.swift in Sources */,
				03B4EF5922CFA02600C00FDA /* Product.swift in Sources */,
			);
			runOnlyForDeploymentPostprocessing = 0;
		};
		03FCD4A922C73ADF009776E6 /* Sources */ = {
			isa = PBXSourcesBuildPhase;
			buildActionMask = 2147483647;
			files = (
				03FCD4B222C73ADF009776E6 /* AdminHomeVC.swift in Sources */,
				03B4EF6D22D97B9500C00FDA /* ProductDetailVC.swift in Sources */,
				03B4EF6C22D97B6200C00FDA /* Constants.swift in Sources */,
				03B4EF6922D979D900C00FDA /* HomeVC.swift in Sources */,
				0308DA4B22CE49CC002E8723 /* firebase+utils.swift in Sources */,
				03B4EF6F22D981F000C00FDA /* ProductsVC.swift in Sources */,
				03B4EF6A22D97B5700C00FDA /* RoundedViews.swift in Sources */,
				03FCD4B022C73ADF009776E6 /* AppDelegate.swift in Sources */,
				03B4EF7122D983F400C00FDA /* AddEditCategoryVC.swift in Sources */,
				03B4EF6B22D97B6000C00FDA /* Extensions.swift in Sources */,
				0308DA4E22CE53D6002E8723 /* Category.swift in Sources */,
				0308DA5222CEBB7C002E8723 /* CategoryCell.swift in Sources */,
				03B4EF5E22CFA10B00C00FDA /* ProductCell.swift in Sources */,
				03B4EF5A22CFA02600C00FDA /* Product.swift in Sources */,
			);
			runOnlyForDeploymentPostprocessing = 0;
		};
/* End PBXSourcesBuildPhase section */

/* Begin PBXVariantGroup section */
		03FCD49B22C71D15009776E6 /* Main.storyboard */ = {
			isa = PBXVariantGroup;
			children = (
				03FCD49C22C71D15009776E6 /* Base */,
			);
			name = Main.storyboard;
			sourceTree = "<group>";
		};
		03FCD4A022C71D1C009776E6 /* LaunchScreen.storyboard */ = {
			isa = PBXVariantGroup;
			children = (
				03FCD4A122C71D1C009776E6 /* Base */,
			);
			name = LaunchScreen.storyboard;
			sourceTree = "<group>";
		};
		03FCD4B322C73ADF009776E6 /* Main.storyboard */ = {
			isa = PBXVariantGroup;
			children = (
				03FCD4B422C73ADF009776E6 /* Base */,
			);
			name = Main.storyboard;
			sourceTree = "<group>";
		};
		03FCD4B822C73AE1009776E6 /* LaunchScreen.storyboard */ = {
			isa = PBXVariantGroup;
			children = (
				03FCD4B922C73AE1009776E6 /* Base */,
			);
			name = LaunchScreen.storyboard;
			sourceTree = "<group>";
		};
/* End PBXVariantGroup section */

/* Begin XCBuildConfiguration section */
		03FCD4A422C71D1C009776E6 /* Debug */ = {
			isa = XCBuildConfiguration;
			buildSettings = {
				ALWAYS_SEARCH_USER_PATHS = NO;
				CLANG_ANALYZER_NONNULL = YES;
				CLANG_ANALYZER_NUMBER_OBJECT_CONVERSION = YES_AGGRESSIVE;
				CLANG_CXX_LANGUAGE_STANDARD = "gnu++14";
				CLANG_CXX_LIBRARY = "libc++";
				CLANG_ENABLE_MODULES = YES;
				CLANG_ENABLE_OBJC_ARC = YES;
				CLANG_ENABLE_OBJC_WEAK = YES;
				CLANG_WARN_BLOCK_CAPTURE_AUTORELEASING = YES;
				CLANG_WARN_BOOL_CONVERSION = YES;
				CLANG_WARN_COMMA = YES;
				CLANG_WARN_CONSTANT_CONVERSION = YES;
				CLANG_WARN_DEPRECATED_OBJC_IMPLEMENTATIONS = YES;
				CLANG_WARN_DIRECT_OBJC_ISA_USAGE = YES_ERROR;
				CLANG_WARN_DOCUMENTATION_COMMENTS = YES;
				CLANG_WARN_EMPTY_BODY = YES;
				CLANG_WARN_ENUM_CONVERSION = YES;
				CLANG_WARN_INFINITE_RECURSION = YES;
				CLANG_WARN_INT_CONVERSION = YES;
				CLANG_WARN_NON_LITERAL_NULL_CONVERSION = YES;
				CLANG_WARN_OBJC_IMPLICIT_RETAIN_SELF = YES;
				CLANG_WARN_OBJC_LITERAL_CONVERSION = YES;
				CLANG_WARN_OBJC_ROOT_CLASS = YES_ERROR;
				CLANG_WARN_RANGE_LOOP_ANALYSIS = YES;
				CLANG_WARN_STRICT_PROTOTYPES = YES;
				CLANG_WARN_SUSPICIOUS_MOVE = YES;
				CLANG_WARN_UNGUARDED_AVAILABILITY = YES_AGGRESSIVE;
				CLANG_WARN_UNREACHABLE_CODE = YES;
				CLANG_WARN__DUPLICATE_METHOD_MATCH = YES;
				CODE_SIGN_IDENTITY = "iPhone Developer";
				COPY_PHASE_STRIP = NO;
				DEBUG_INFORMATION_FORMAT = dwarf;
				ENABLE_STRICT_OBJC_MSGSEND = YES;
				ENABLE_TESTABILITY = YES;
				GCC_C_LANGUAGE_STANDARD = gnu11;
				GCC_DYNAMIC_NO_PIC = NO;
				GCC_NO_COMMON_BLOCKS = YES;
				GCC_OPTIMIZATION_LEVEL = 0;
				GCC_PREPROCESSOR_DEFINITIONS = (
					"DEBUG=1",
					"$(inherited)",
				);
				GCC_WARN_64_TO_32_BIT_CONVERSION = YES;
				GCC_WARN_ABOUT_RETURN_TYPE = YES_ERROR;
				GCC_WARN_UNDECLARED_SELECTOR = YES;
				GCC_WARN_UNINITIALIZED_AUTOS = YES_AGGRESSIVE;
				GCC_WARN_UNUSED_FUNCTION = YES;
				GCC_WARN_UNUSED_VARIABLE = YES;
				IPHONEOS_DEPLOYMENT_TARGET = 12.2;
				MTL_ENABLE_DEBUG_INFO = INCLUDE_SOURCE;
				MTL_FAST_MATH = YES;
				ONLY_ACTIVE_ARCH = YES;
				SDKROOT = iphoneos;
				SWIFT_ACTIVE_COMPILATION_CONDITIONS = DEBUG;
				SWIFT_OPTIMIZATION_LEVEL = "-Onone";
			};
			name = Debug;
		};
		03FCD4A522C71D1C009776E6 /* Release */ = {
			isa = XCBuildConfiguration;
			buildSettings = {
				ALWAYS_SEARCH_USER_PATHS = NO;
				CLANG_ANALYZER_NONNULL = YES;
				CLANG_ANALYZER_NUMBER_OBJECT_CONVERSION = YES_AGGRESSIVE;
				CLANG_CXX_LANGUAGE_STANDARD = "gnu++14";
				CLANG_CXX_LIBRARY = "libc++";
				CLANG_ENABLE_MODULES = YES;
				CLANG_ENABLE_OBJC_ARC = YES;
				CLANG_ENABLE_OBJC_WEAK = YES;
				CLANG_WARN_BLOCK_CAPTURE_AUTORELEASING = YES;
				CLANG_WARN_BOOL_CONVERSION = YES;
				CLANG_WARN_COMMA = YES;
				CLANG_WARN_CONSTANT_CONVERSION = YES;
				CLANG_WARN_DEPRECATED_OBJC_IMPLEMENTATIONS = YES;
				CLANG_WARN_DIRECT_OBJC_ISA_USAGE = YES_ERROR;
				CLANG_WARN_DOCUMENTATION_COMMENTS = YES;
				CLANG_WARN_EMPTY_BODY = YES;
				CLANG_WARN_ENUM_CONVERSION = YES;
				CLANG_WARN_INFINITE_RECURSION = YES;
				CLANG_WARN_INT_CONVERSION = YES;
				CLANG_WARN_NON_LITERAL_NULL_CONVERSION = YES;
				CLANG_WARN_OBJC_IMPLICIT_RETAIN_SELF = YES;
				CLANG_WARN_OBJC_LITERAL_CONVERSION = YES;
				CLANG_WARN_OBJC_ROOT_CLASS = YES_ERROR;
				CLANG_WARN_RANGE_LOOP_ANALYSIS = YES;
				CLANG_WARN_STRICT_PROTOTYPES = YES;
				CLANG_WARN_SUSPICIOUS_MOVE = YES;
				CLANG_WARN_UNGUARDED_AVAILABILITY = YES_AGGRESSIVE;
				CLANG_WARN_UNREACHABLE_CODE = YES;
				CLANG_WARN__DUPLICATE_METHOD_MATCH = YES;
				CODE_SIGN_IDENTITY = "iPhone Developer";
				COPY_PHASE_STRIP = NO;
				DEBUG_INFORMATION_FORMAT = "dwarf-with-dsym";
				ENABLE_NS_ASSERTIONS = NO;
				ENABLE_STRICT_OBJC_MSGSEND = YES;
				GCC_C_LANGUAGE_STANDARD = gnu11;
				GCC_NO_COMMON_BLOCKS = YES;
				GCC_WARN_64_TO_32_BIT_CONVERSION = YES;
				GCC_WARN_ABOUT_RETURN_TYPE = YES_ERROR;
				GCC_WARN_UNDECLARED_SELECTOR = YES;
				GCC_WARN_UNINITIALIZED_AUTOS = YES_AGGRESSIVE;
				GCC_WARN_UNUSED_FUNCTION = YES;
				GCC_WARN_UNUSED_VARIABLE = YES;
				IPHONEOS_DEPLOYMENT_TARGET = 12.2;
				MTL_ENABLE_DEBUG_INFO = NO;
				MTL_FAST_MATH = YES;
				SDKROOT = iphoneos;
				SWIFT_COMPILATION_MODE = wholemodule;
				SWIFT_OPTIMIZATION_LEVEL = "-O";
				VALIDATE_PRODUCT = YES;
			};
			name = Release;
		};
		03FCD4A722C71D1C009776E6 /* Debug */ = {
			isa = XCBuildConfiguration;
			baseConfigurationReference = 7536A5C54EE01A2CBC3C5737 /* Pods-Artable.debug.xcconfig */;
			buildSettings = {
				ASSETCATALOG_COMPILER_APPICON_NAME = AppIcon;
				CODE_SIGN_STYLE = Automatic;
				INFOPLIST_FILE = Artable/Info.plist;
				IPHONEOS_DEPLOYMENT_TARGET = 10.0;
				LD_RUNPATH_SEARCH_PATHS = (
					"$(inherited)",
					"@executable_path/Frameworks",
				);
				PRODUCT_BUNDLE_IDENTIFIER = com.example.Artable;
				PRODUCT_NAME = "$(TARGET_NAME)";
				SWIFT_VERSION = 5.0;
				TARGETED_DEVICE_FAMILY = "1,2";
			};
			name = Debug;
		};
		03FCD4A822C71D1C009776E6 /* Release */ = {
			isa = XCBuildConfiguration;
			baseConfigurationReference = 88F4163C79D37591416775FC /* Pods-Artable.release.xcconfig */;
			buildSettings = {
				ASSETCATALOG_COMPILER_APPICON_NAME = AppIcon;
				CODE_SIGN_STYLE = Automatic;
				INFOPLIST_FILE = Artable/Info.plist;
				IPHONEOS_DEPLOYMENT_TARGET = 10.0;
				LD_RUNPATH_SEARCH_PATHS = (
					"$(inherited)",
					"@executable_path/Frameworks",
				);
				PRODUCT_BUNDLE_IDENTIFIER = com.example.Artable;
				PRODUCT_NAME = "$(TARGET_NAME)";
				SWIFT_VERSION = 5.0;
				TARGETED_DEVICE_FAMILY = "1,2";
			};
			name = Release;
		};
		03FCD4BD22C73AE1009776E6 /* Debug */ = {
			isa = XCBuildConfiguration;
			baseConfigurationReference = 0BA6A2D57E2F479FB848E9F1 /* Pods-ArdableAdmin.debug.xcconfig */;
			buildSettings = {
				ASSETCATALOG_COMPILER_APPICON_NAME = AppIcon;
				CODE_SIGN_STYLE = Automatic;
				INFOPLIST_FILE = ArdableAdmin/Info.plist;
				IPHONEOS_DEPLOYMENT_TARGET = 10.0;
				LD_RUNPATH_SEARCH_PATHS = (
					"$(inherited)",
					"@executable_path/Frameworks",
				);
				PRODUCT_BUNDLE_IDENTIFIER = com.example.ArdableAdmin;
				PRODUCT_NAME = "$(TARGET_NAME)";
				SWIFT_VERSION = 5.0;
				TARGETED_DEVICE_FAMILY = "1,2";
			};
			name = Debug;
		};
		03FCD4BE22C73AE1009776E6 /* Release */ = {
			isa = XCBuildConfiguration;
			baseConfigurationReference = 75C8353CBE3DE5BF86B0D38F /* Pods-ArdableAdmin.release.xcconfig */;
			buildSettings = {
				ASSETCATALOG_COMPILER_APPICON_NAME = AppIcon;
				CODE_SIGN_STYLE = Automatic;
				INFOPLIST_FILE = ArdableAdmin/Info.plist;
				IPHONEOS_DEPLOYMENT_TARGET = 10.0;
				LD_RUNPATH_SEARCH_PATHS = (
					"$(inherited)",
					"@executable_path/Frameworks",
				);
				PRODUCT_BUNDLE_IDENTIFIER = com.example.ArdableAdmin;
				PRODUCT_NAME = "$(TARGET_NAME)";
				SWIFT_VERSION = 5.0;
				TARGETED_DEVICE_FAMILY = "1,2";
			};
			name = Release;
		};
/* End XCBuildConfiguration section */

/* Begin XCConfigurationList section */
		03FCD48F22C71D15009776E6 /* Build configuration list for PBXProject "Artable" */ = {
			isa = XCConfigurationList;
			buildConfigurations = (
				03FCD4A422C71D1C009776E6 /* Debug */,
				03FCD4A522C71D1C009776E6 /* Release */,
			);
			defaultConfigurationIsVisible = 0;
			defaultConfigurationName = Release;
		};
		03FCD4A622C71D1C009776E6 /* Build configuration list for PBXNativeTarget "Artable" */ = {
			isa = XCConfigurationList;
			buildConfigurations = (
				03FCD4A722C71D1C009776E6 /* Debug */,
				03FCD4A822C71D1C009776E6 /* Release */,
			);
			defaultConfigurationIsVisible = 0;
			defaultConfigurationName = Release;
		};
		03FCD4BC22C73AE1009776E6 /* Build configuration list for PBXNativeTarget "ArdableAdmin" */ = {
			isa = XCConfigurationList;
			buildConfigurations = (
				03FCD4BD22C73AE1009776E6 /* Debug */,
				03FCD4BE22C73AE1009776E6 /* Release */,
			);
			defaultConfigurationIsVisible = 0;
			defaultConfigurationName = Release;
		};
/* End XCConfigurationList section */
	};
	rootObject = 03FCD48C22C71D15009776E6 /* Project object */;
}
